// !$*UTF8*$!
{
	archiveVersion = 1;
	classes = {
	};
	objectVersion = 50;
	objects = {

/* Begin PBXBuildFile section */
		5B113F1B2629EB7300560303 /* OneCallResponse.swift in Sources */ = {isa = PBXBuildFile; fileRef = 5B113F1A2629EB7300560303 /* OneCallResponse.swift */; };
		5B1FD5EB2651A7AC000E8829 /* LocationListTableViewCell.swift in Sources */ = {isa = PBXBuildFile; fileRef = 5B1FD5EA2651A7AC000E8829 /* LocationListTableViewCell.swift */; };
		5B4ADFA52641491F006DB0FC /* LocationList.storyboard in Resources */ = {isa = PBXBuildFile; fileRef = 5B4ADFA42641491F006DB0FC /* LocationList.storyboard */; };
		5B4ADFA726414959006DB0FC /* LocationListViewController.swift in Sources */ = {isa = PBXBuildFile; fileRef = 5B4ADFA626414959006DB0FC /* LocationListViewController.swift */; };
		5B55D8C026274FE90033DCE4 /* AppDelegate.swift in Sources */ = {isa = PBXBuildFile; fileRef = 5B55D8BF26274FE90033DCE4 /* AppDelegate.swift */; };
		5B55D8C226274FE90033DCE4 /* SceneDelegate.swift in Sources */ = {isa = PBXBuildFile; fileRef = 5B55D8C126274FE90033DCE4 /* SceneDelegate.swift */; };
		5B55D8C426274FE90033DCE4 /* ViewController.swift in Sources */ = {isa = PBXBuildFile; fileRef = 5B55D8C326274FE90033DCE4 /* ViewController.swift */; };
		5B55D8C726274FE90033DCE4 /* Main.storyboard in Resources */ = {isa = PBXBuildFile; fileRef = 5B55D8C526274FE90033DCE4 /* Main.storyboard */; };
		5B55D8C926274FEA0033DCE4 /* Assets.xcassets in Resources */ = {isa = PBXBuildFile; fileRef = 5B55D8C826274FEA0033DCE4 /* Assets.xcassets */; };
		5B55D8CC26274FEA0033DCE4 /* LaunchScreen.storyboard in Resources */ = {isa = PBXBuildFile; fileRef = 5B55D8CA26274FEA0033DCE4 /* LaunchScreen.storyboard */; };
		5B55D8D8262750C50033DCE4 /* NetworkService.swift in Sources */ = {isa = PBXBuildFile; fileRef = 5B55D8D7262750C50033DCE4 /* NetworkService.swift */; };
		5B5F2042263C6FCF003ED472 /* HourlyForecastCollectionViewCell.swift in Sources */ = {isa = PBXBuildFile; fileRef = 5B5F2041263C6FCF003ED472 /* HourlyForecastCollectionViewCell.swift */; };
		5B6B204B2635B4AB003C49EB /* ReverseGeocodingResponse.swift in Sources */ = {isa = PBXBuildFile; fileRef = 5B6B204A2635B4AB003C49EB /* ReverseGeocodingResponse.swift */; };
		5B9604402631D8CE008CF870 /* ForecastTableViewCell.swift in Sources */ = {isa = PBXBuildFile; fileRef = 5B96043F2631D8CE008CF870 /* ForecastTableViewCell.swift */; };
		5BCDA1D52641B904000F4F80 /* SearchLocation.storyboard in Resources */ = {isa = PBXBuildFile; fileRef = 5BCDA1D42641B904000F4F80 /* SearchLocation.storyboard */; };
		5BCDA1D72641B929000F4F80 /* SearchLocationViewController.swift in Sources */ = {isa = PBXBuildFile; fileRef = 5BCDA1D62641B929000F4F80 /* SearchLocationViewController.swift */; };
		5BCDA1D92641C1CE000F4F80 /* UIButton+Addition.swift in Sources */ = {isa = PBXBuildFile; fileRef = 5BCDA1D82641C1CE000F4F80 /* UIButton+Addition.swift */; };
		5BCE87202642EA2C003299A6 /* GeocodingResponse.swift in Sources */ = {isa = PBXBuildFile; fileRef = 5BCE871F2642EA2B003299A6 /* GeocodingResponse.swift */; };
/* End PBXBuildFile section */

/* Begin PBXFileReference section */
		5B113F1A2629EB7300560303 /* OneCallResponse.swift */ = {isa = PBXFileReference; lastKnownFileType = sourcecode.swift; path = OneCallResponse.swift; sourceTree = "<group>"; };
		5B1FD5EA2651A7AC000E8829 /* LocationListTableViewCell.swift */ = {isa = PBXFileReference; lastKnownFileType = sourcecode.swift; path = LocationListTableViewCell.swift; sourceTree = "<group>"; };
		5B4ADFA42641491F006DB0FC /* LocationList.storyboard */ = {isa = PBXFileReference; lastKnownFileType = file.storyboard; path = LocationList.storyboard; sourceTree = "<group>"; };
		5B4ADFA626414959006DB0FC /* LocationListViewController.swift */ = {isa = PBXFileReference; lastKnownFileType = sourcecode.swift; path = LocationListViewController.swift; sourceTree = "<group>"; };
		5B55D8BC26274FE90033DCE4 /* Weather.app */ = {isa = PBXFileReference; explicitFileType = wrapper.application; includeInIndex = 0; path = Weather.app; sourceTree = BUILT_PRODUCTS_DIR; };
		5B55D8BF26274FE90033DCE4 /* AppDelegate.swift */ = {isa = PBXFileReference; lastKnownFileType = sourcecode.swift; path = AppDelegate.swift; sourceTree = "<group>"; };
		5B55D8C126274FE90033DCE4 /* SceneDelegate.swift */ = {isa = PBXFileReference; lastKnownFileType = sourcecode.swift; path = SceneDelegate.swift; sourceTree = "<group>"; };
		5B55D8C326274FE90033DCE4 /* ViewController.swift */ = {isa = PBXFileReference; lastKnownFileType = sourcecode.swift; path = ViewController.swift; sourceTree = "<group>"; };
		5B55D8C626274FE90033DCE4 /* Base */ = {isa = PBXFileReference; lastKnownFileType = file.storyboard; name = Base; path = Base.lproj/Main.storyboard; sourceTree = "<group>"; };
		5B55D8C826274FEA0033DCE4 /* Assets.xcassets */ = {isa = PBXFileReference; lastKnownFileType = folder.assetcatalog; path = Assets.xcassets; sourceTree = "<group>"; };
		5B55D8CB26274FEA0033DCE4 /* Base */ = {isa = PBXFileReference; lastKnownFileType = file.storyboard; name = Base; path = Base.lproj/LaunchScreen.storyboard; sourceTree = "<group>"; };
		5B55D8CD26274FEA0033DCE4 /* Info.plist */ = {isa = PBXFileReference; lastKnownFileType = text.plist.xml; path = Info.plist; sourceTree = "<group>"; };
		5B55D8D7262750C50033DCE4 /* NetworkService.swift */ = {isa = PBXFileReference; lastKnownFileType = sourcecode.swift; path = NetworkService.swift; sourceTree = "<group>"; };
		5B5F2041263C6FCF003ED472 /* HourlyForecastCollectionViewCell.swift */ = {isa = PBXFileReference; lastKnownFileType = sourcecode.swift; path = HourlyForecastCollectionViewCell.swift; sourceTree = "<group>"; };
		5B6B204A2635B4AB003C49EB /* ReverseGeocodingResponse.swift */ = {isa = PBXFileReference; lastKnownFileType = sourcecode.swift; path = ReverseGeocodingResponse.swift; sourceTree = "<group>"; };
		5B96043F2631D8CE008CF870 /* ForecastTableViewCell.swift */ = {isa = PBXFileReference; lastKnownFileType = sourcecode.swift; path = ForecastTableViewCell.swift; sourceTree = "<group>"; };
		5BCDA1D42641B904000F4F80 /* SearchLocation.storyboard */ = {isa = PBXFileReference; lastKnownFileType = file.storyboard; path = SearchLocation.storyboard; sourceTree = "<group>"; };
		5BCDA1D62641B929000F4F80 /* SearchLocationViewController.swift */ = {isa = PBXFileReference; lastKnownFileType = sourcecode.swift; path = SearchLocationViewController.swift; sourceTree = "<group>"; };
		5BCDA1D82641C1CE000F4F80 /* UIButton+Addition.swift */ = {isa = PBXFileReference; lastKnownFileType = sourcecode.swift; path = "UIButton+Addition.swift"; sourceTree = "<group>"; };
		5BCE871F2642EA2B003299A6 /* GeocodingResponse.swift */ = {isa = PBXFileReference; lastKnownFileType = sourcecode.swift; path = GeocodingResponse.swift; sourceTree = "<group>"; };
/* End PBXFileReference section */

/* Begin PBXFrameworksBuildPhase section */
		5B55D8B926274FE90033DCE4 /* Frameworks */ = {
			isa = PBXFrameworksBuildPhase;
			buildActionMask = 2147483647;
			files = (
			);
			runOnlyForDeploymentPostprocessing = 0;
		};
/* End PBXFrameworksBuildPhase section */

/* Begin PBXGroup section */
		5B55D8B326274FE90033DCE4 = {
			isa = PBXGroup;
			children = (
				5B55D8BE26274FE90033DCE4 /* Weather */,
				5B55D8BD26274FE90033DCE4 /* Products */,
			);
			sourceTree = "<group>";
		};
		5B55D8BD26274FE90033DCE4 /* Products */ = {
			isa = PBXGroup;
			children = (
				5B55D8BC26274FE90033DCE4 /* Weather.app */,
			);
			name = Products;
			sourceTree = "<group>";
		};
		5B55D8BE26274FE90033DCE4 /* Weather */ = {
			isa = PBXGroup;
			children = (
				5B55D8D42627501B0033DCE4 /* Model */,
				5B55D8D5262750260033DCE4 /* Services */,
				5B55D8D6262750320033DCE4 /* View */,
				5B55D8BF26274FE90033DCE4 /* AppDelegate.swift */,
				5B55D8C126274FE90033DCE4 /* SceneDelegate.swift */,
				5B55D8C826274FEA0033DCE4 /* Assets.xcassets */,
				5B55D8CA26274FEA0033DCE4 /* LaunchScreen.storyboard */,
				5B55D8CD26274FEA0033DCE4 /* Info.plist */,
			);
			path = Weather;
			sourceTree = "<group>";
		};
		5B55D8D42627501B0033DCE4 /* Model */ = {
			isa = PBXGroup;
			children = (
				5B113F1A2629EB7300560303 /* OneCallResponse.swift */,
				5B6B204A2635B4AB003C49EB /* ReverseGeocodingResponse.swift */,
				5BCE871F2642EA2B003299A6 /* GeocodingResponse.swift */,
			);
			path = Model;
			sourceTree = "<group>";
		};
		5B55D8D5262750260033DCE4 /* Services */ = {
			isa = PBXGroup;
			children = (
				5B55D8D7262750C50033DCE4 /* NetworkService.swift */,
			);
			path = Services;
			sourceTree = "<group>";
		};
		5B55D8D6262750320033DCE4 /* View */ = {
			isa = PBXGroup;
			children = (
				5B55D8C526274FE90033DCE4 /* Main.storyboard */,
				5B55D8C326274FE90033DCE4 /* ViewController.swift */,
				5B4ADFA42641491F006DB0FC /* LocationList.storyboard */,
				5B4ADFA626414959006DB0FC /* LocationListViewController.swift */,
				5BCDA1D42641B904000F4F80 /* SearchLocation.storyboard */,
				5BCDA1D62641B929000F4F80 /* SearchLocationViewController.swift */,
				5B5F2041263C6FCF003ED472 /* HourlyForecastCollectionViewCell.swift */,
				5B96043F2631D8CE008CF870 /* ForecastTableViewCell.swift */,
				5BCDA1D82641C1CE000F4F80 /* UIButton+Addition.swift */,
				5B1FD5EA2651A7AC000E8829 /* LocationListTableViewCell.swift */,
			);
			path = View;
			sourceTree = "<group>";
		};
/* End PBXGroup section */

/* Begin PBXNativeTarget section */
		5B55D8BB26274FE90033DCE4 /* Weather */ = {
			isa = PBXNativeTarget;
			buildConfigurationList = 5B55D8D026274FEA0033DCE4 /* Build configuration list for PBXNativeTarget "Weather" */;
			buildPhases = (
				5B55D8B826274FE90033DCE4 /* Sources */,
				5B55D8B926274FE90033DCE4 /* Frameworks */,
				5B55D8BA26274FE90033DCE4 /* Resources */,
			);
			buildRules = (
			);
			dependencies = (
			);
			name = Weather;
			productName = Weather;
			productReference = 5B55D8BC26274FE90033DCE4 /* Weather.app */;
			productType = "com.apple.product-type.application";
		};
/* End PBXNativeTarget section */

/* Begin PBXProject section */
		5B55D8B426274FE90033DCE4 /* Project object */ = {
			isa = PBXProject;
			attributes = {
				LastSwiftUpdateCheck = 1240;
				LastUpgradeCheck = 1240;
				TargetAttributes = {
					5B55D8BB26274FE90033DCE4 = {
						CreatedOnToolsVersion = 12.4;
					};
				};
			};
			buildConfigurationList = 5B55D8B726274FE90033DCE4 /* Build configuration list for PBXProject "Weather" */;
			compatibilityVersion = "Xcode 9.3";
			developmentRegion = en;
			hasScannedForEncodings = 0;
			knownRegions = (
				en,
				Base,
			);
			mainGroup = 5B55D8B326274FE90033DCE4;
			productRefGroup = 5B55D8BD26274FE90033DCE4 /* Products */;
			projectDirPath = "";
			projectRoot = "";
			targets = (
				5B55D8BB26274FE90033DCE4 /* Weather */,
			);
		};
/* End PBXProject section */

/* Begin PBXResourcesBuildPhase section */
		5B55D8BA26274FE90033DCE4 /* Resources */ = {
			isa = PBXResourcesBuildPhase;
			buildActionMask = 2147483647;
			files = (
				5B55D8CC26274FEA0033DCE4 /* LaunchScreen.storyboard in Resources */,
				5B55D8C926274FEA0033DCE4 /* Assets.xcassets in Resources */,
				5B55D8C726274FE90033DCE4 /* Main.storyboard in Resources */,
				5B4ADFA52641491F006DB0FC /* LocationList.storyboard in Resources */,
				5BCDA1D52641B904000F4F80 /* SearchLocation.storyboard in Resources */,
			);
			runOnlyForDeploymentPostprocessing = 0;
		};
/* End PBXResourcesBuildPhase section */

/* Begin PBXSourcesBuildPhase section */
		5B55D8B826274FE90033DCE4 /* Sources */ = {
			isa = PBXSourcesBuildPhase;
			buildActionMask = 2147483647;
			files = (
				5BCE87202642EA2C003299A6 /* GeocodingResponse.swift in Sources */,
				5B9604402631D8CE008CF870 /* ForecastTableViewCell.swift in Sources */,
				5B4ADFA726414959006DB0FC /* LocationListViewController.swift in Sources */,
				5BCDA1D92641C1CE000F4F80 /* UIButton+Addition.swift in Sources */,
				5B55D8C426274FE90033DCE4 /* ViewController.swift in Sources */,
				5B5F2042263C6FCF003ED472 /* HourlyForecastCollectionViewCell.swift in Sources */,
				5B55D8C026274FE90033DCE4 /* AppDelegate.swift in Sources */,
				5B6B204B2635B4AB003C49EB /* ReverseGeocodingResponse.swift in Sources */,
				5B55D8D8262750C50033DCE4 /* NetworkService.swift in Sources */,
				5BCDA1D72641B929000F4F80 /* SearchLocationViewController.swift in Sources */,
				5B55D8C226274FE90033DCE4 /* SceneDelegate.swift in Sources */,
				5B1FD5EB2651A7AC000E8829 /* LocationListTableViewCell.swift in Sources */,
				5B113F1B2629EB7300560303 /* OneCallResponse.swift in Sources */,
			);
			runOnlyForDeploymentPostprocessing = 0;
		};
/* End PBXSourcesBuildPhase section */

/* Begin PBXVariantGroup section */
		5B55D8C526274FE90033DCE4 /* Main.storyboard */ = {
			isa = PBXVariantGroup;
			children = (
				5B55D8C626274FE90033DCE4 /* Base */,
			);
			name = Main.storyboard;
			sourceTree = "<group>";
		};
		5B55D8CA26274FEA0033DCE4 /* LaunchScreen.storyboard */ = {
			isa = PBXVariantGroup;
			children = (
				5B55D8CB26274FEA0033DCE4 /* Base */,
			);
			name = LaunchScreen.storyboard;
			sourceTree = "<group>";
		};
/* End PBXVariantGroup section */

/* Begin XCBuildConfiguration section */
		5B55D8CE26274FEA0033DCE4 /* Debug */ = {
			isa = XCBuildConfiguration;
			buildSettings = {
				ALWAYS_SEARCH_USER_PATHS = NO;
				CLANG_ANALYZER_NONNULL = YES;
				CLANG_ANALYZER_NUMBER_OBJECT_CONVERSION = YES_AGGRESSIVE;
				CLANG_CXX_LANGUAGE_STANDARD = "gnu++14";
				CLANG_CXX_LIBRARY = "libc++";
				CLANG_ENABLE_MODULES = YES;
				CLANG_ENABLE_OBJC_ARC = YES;
				CLANG_ENABLE_OBJC_WEAK = YES;
				CLANG_WARN_BLOCK_CAPTURE_AUTORELEASING = YES;
				CLANG_WARN_BOOL_CONVERSION = YES;
				CLANG_WARN_COMMA = YES;
				CLANG_WARN_CONSTANT_CONVERSION = YES;
				CLANG_WARN_DEPRECATED_OBJC_IMPLEMENTATIONS = YES;
				CLANG_WARN_DIRECT_OBJC_ISA_USAGE = YES_ERROR;
				CLANG_WARN_DOCUMENTATION_COMMENTS = YES;
				CLANG_WARN_EMPTY_BODY = YES;
				CLANG_WARN_ENUM_CONVERSION = YES;
				CLANG_WARN_INFINITE_RECURSION = YES;
				CLANG_WARN_INT_CONVERSION = YES;
				CLANG_WARN_NON_LITERAL_NULL_CONVERSION = YES;
				CLANG_WARN_OBJC_IMPLICIT_RETAIN_SELF = YES;
				CLANG_WARN_OBJC_LITERAL_CONVERSION = YES;
				CLANG_WARN_OBJC_ROOT_CLASS = YES_ERROR;
				CLANG_WARN_QUOTED_INCLUDE_IN_FRAMEWORK_HEADER = YES;
				CLANG_WARN_RANGE_LOOP_ANALYSIS = YES;
				CLANG_WARN_STRICT_PROTOTYPES = YES;
				CLANG_WARN_SUSPICIOUS_MOVE = YES;
				CLANG_WARN_UNGUARDED_AVAILABILITY = YES_AGGRESSIVE;
				CLANG_WARN_UNREACHABLE_CODE = YES;
				CLANG_WARN__DUPLICATE_METHOD_MATCH = YES;
				COPY_PHASE_STRIP = NO;
				DEBUG_INFORMATION_FORMAT = dwarf;
				ENABLE_STRICT_OBJC_MSGSEND = YES;
				ENABLE_TESTABILITY = YES;
				GCC_C_LANGUAGE_STANDARD = gnu11;
				GCC_DYNAMIC_NO_PIC = NO;
				GCC_NO_COMMON_BLOCKS = YES;
				GCC_OPTIMIZATION_LEVEL = 0;
				GCC_PREPROCESSOR_DEFINITIONS = (
					"DEBUG=1",
					"$(inherited)",
				);
				GCC_WARN_64_TO_32_BIT_CONVERSION = YES;
				GCC_WARN_ABOUT_RETURN_TYPE = YES_ERROR;
				GCC_WARN_UNDECLARED_SELECTOR = YES;
				GCC_WARN_UNINITIALIZED_AUTOS = YES_AGGRESSIVE;
				GCC_WARN_UNUSED_FUNCTION = YES;
				GCC_WARN_UNUSED_VARIABLE = YES;
				IPHONEOS_DEPLOYMENT_TARGET = 14.4;
				MTL_ENABLE_DEBUG_INFO = INCLUDE_SOURCE;
				MTL_FAST_MATH = YES;
				ONLY_ACTIVE_ARCH = YES;
				SDKROOT = iphoneos;
				SWIFT_ACTIVE_COMPILATION_CONDITIONS = DEBUG;
				SWIFT_OPTIMIZATION_LEVEL = "-Onone";
			};
			name = Debug;
		};
		5B55D8CF26274FEA0033DCE4 /* Release */ = {
			isa = XCBuildConfiguration;
			buildSettings = {
				ALWAYS_SEARCH_USER_PATHS = NO;
				CLANG_ANALYZER_NONNULL = YES;
				CLANG_ANALYZER_NUMBER_OBJECT_CONVERSION = YES_AGGRESSIVE;
				CLANG_CXX_LANGUAGE_STANDARD = "gnu++14";
				CLANG_CXX_LIBRARY = "libc++";
				CLANG_ENABLE_MODULES = YES;
				CLANG_ENABLE_OBJC_ARC = YES;
				CLANG_ENABLE_OBJC_WEAK = YES;
				CLANG_WARN_BLOCK_CAPTURE_AUTORELEASING = YES;
				CLANG_WARN_BOOL_CONVERSION = YES;
				CLANG_WARN_COMMA = YES;
				CLANG_WARN_CONSTANT_CONVERSION = YES;
				CLANG_WARN_DEPRECATED_OBJC_IMPLEMENTATIONS = YES;
				CLANG_WARN_DIRECT_OBJC_ISA_USAGE = YES_ERROR;
				CLANG_WARN_DOCUMENTATION_COMMENTS = YES;
				CLANG_WARN_EMPTY_BODY = YES;
				CLANG_WARN_ENUM_CONVERSION = YES;
				CLANG_WARN_INFINITE_RECURSION = YES;
				CLANG_WARN_INT_CONVERSION = YES;
				CLANG_WARN_NON_LITERAL_NULL_CONVERSION = YES;
				CLANG_WARN_OBJC_IMPLICIT_RETAIN_SELF = YES;
				CLANG_WARN_OBJC_LITERAL_CONVERSION = YES;
				CLANG_WARN_OBJC_ROOT_CLASS = YES_ERROR;
				CLANG_WARN_QUOTED_INCLUDE_IN_FRAMEWORK_HEADER = YES;
				CLANG_WARN_RANGE_LOOP_ANALYSIS = YES;
				CLANG_WARN_STRICT_PROTOTYPES = YES;
				CLANG_WARN_SUSPICIOUS_MOVE = YES;
				CLANG_WARN_UNGUARDED_AVAILABILITY = YES_AGGRESSIVE;
				CLANG_WARN_UNREACHABLE_CODE = YES;
				CLANG_WARN__DUPLICATE_METHOD_MATCH = YES;
				COPY_PHASE_STRIP = NO;
				DEBUG_INFORMATION_FORMAT = "dwarf-with-dsym";
				ENABLE_NS_ASSERTIONS = NO;
				ENABLE_STRICT_OBJC_MSGSEND = YES;
				GCC_C_LANGUAGE_STANDARD = gnu11;
				GCC_NO_COMMON_BLOCKS = YES;
				GCC_WARN_64_TO_32_BIT_CONVERSION = YES;
				GCC_WARN_ABOUT_RETURN_TYPE = YES_ERROR;
				GCC_WARN_UNDECLARED_SELECTOR = YES;
				GCC_WARN_UNINITIALIZED_AUTOS = YES_AGGRESSIVE;
				GCC_WARN_UNUSED_FUNCTION = YES;
				GCC_WARN_UNUSED_VARIABLE = YES;
				IPHONEOS_DEPLOYMENT_TARGET = 14.4;
				MTL_ENABLE_DEBUG_INFO = NO;
				MTL_FAST_MATH = YES;
				SDKROOT = iphoneos;
				SWIFT_COMPILATION_MODE = wholemodule;
				SWIFT_OPTIMIZATION_LEVEL = "-O";
				VALIDATE_PRODUCT = YES;
			};
			name = Release;
		};
		5B55D8D126274FEA0033DCE4 /* Debug */ = {
			isa = XCBuildConfiguration;
			buildSettings = {
				ASSETCATALOG_COMPILER_APPICON_NAME = AppIcon;
				ASSETCATALOG_COMPILER_GLOBAL_ACCENT_COLOR_NAME = AccentColor;
				CODE_SIGN_STYLE = Automatic;
				DEVELOPMENT_TEAM = DAZW7UB9Z9;
				INFOPLIST_FILE = Weather/Info.plist;
				LD_RUNPATH_SEARCH_PATHS = (
					"$(inherited)",
					"@executable_path/Frameworks",
				);
				PRODUCT_BUNDLE_IDENTIFIER = com.estebancalvete.Weather;
				PRODUCT_NAME = "$(TARGET_NAME)";
				SWIFT_VERSION = 5.0;
				TARGETED_DEVICE_FAMILY = "1,2";
			};
			name = Debug;
		};
		5B55D8D226274FEA0033DCE4 /* Release */ = {
			isa = XCBuildConfiguration;
			buildSettings = {
				ASSETCATALOG_COMPILER_APPICON_NAME = AppIcon;
				ASSETCATALOG_COMPILER_GLOBAL_ACCENT_COLOR_NAME = AccentColor;
				CODE_SIGN_STYLE = Automatic;
				DEVELOPMENT_TEAM = DAZW7UB9Z9;
				INFOPLIST_FILE = Weather/Info.plist;
				LD_RUNPATH_SEARCH_PATHS = (
					"$(inherited)",
					"@executable_path/Frameworks",
				);
				PRODUCT_BUNDLE_IDENTIFIER = com.estebancalvete.Weather;
				PRODUCT_NAME = "$(TARGET_NAME)";
				SWIFT_VERSION = 5.0;
				TARGETED_DEVICE_FAMILY = "1,2";
			};
			name = Release;
		};
/* End XCBuildConfiguration section */

/* Begin XCConfigurationList section */
		5B55D8B726274FE90033DCE4 /* Build configuration list for PBXProject "Weather" */ = {
			isa = XCConfigurationList;
			buildConfigurations = (
				5B55D8CE26274FEA0033DCE4 /* Debug */,
				5B55D8CF26274FEA0033DCE4 /* Release */,
			);
			defaultConfigurationIsVisible = 0;
			defaultConfigurationName = Release;
		};
		5B55D8D026274FEA0033DCE4 /* Build configuration list for PBXNativeTarget "Weather" */ = {
			isa = XCConfigurationList;
			buildConfigurations = (
				5B55D8D126274FEA0033DCE4 /* Debug */,
				5B55D8D226274FEA0033DCE4 /* Release */,
			);
			defaultConfigurationIsVisible = 0;
			defaultConfigurationName = Release;
		};
/* End XCConfigurationList section */
	};
	rootObject = 5B55D8B426274FE90033DCE4 /* Project object */;
}
